
Microsoft Visual Studio Solution File, Format Version 12.00
# Visual Studio Version 17
VisualStudioVersion = 17.0.31919.166
MinimumVisualStudioVersion = 10.0.40219.1
Project("{FAE04EC0-301F-11D3-BF4B-00C04F79EFBC}") = "my-books", "my-books\my-books.csproj", "{58418877-D20A-4103-AF87-873A027D0CAC}"
EndProject
Global
	GlobalSection(SolutionConfigurationPlatforms) = preSolution
		Debug|Any CPU = Debug|Any CPU
		Release|Any CPU = Release|Any CPU
	EndGlobalSection
	GlobalSection(ProjectConfigurationPlatforms) = postSolution
		{58418877-D20A-4103-AF87-873A027D0CAC}.Debug|Any CPU.ActiveCfg = Debug|Any CPU
		{58418877-D20A-4103-AF87-873A027D0CAC}.Debug|Any CPU.Build.0 = Debug|Any CPU
		{58418877-D20A-4103-AF87-873A027D0CAC}.Release|Any CPU.ActiveCfg = Release|Any CPU
		{58418877-D20A-4103-AF87-873A027D0CAC}.Release|Any CPU.Build.0 = Release|Any CPU
	EndGlobalSection
	GlobalSection(SolutionProperties) = preSolution
		HideSolutionNode = FALSE
	EndGlobalSection
	GlobalSection(ExtensibilityGlobals) = postSolution
		SolutionGuid = {C14DC2BA-44A6-4DF1-9670-8B0550AD0097}
	EndGlobalSection
EndGlobal
